
Microsoft Visual Studio Solution File, Format Version 12.00
# Visual Studio 2013
VisualStudioVersion = 12.0.31101.0
MinimumVisualStudioVersion = 10.0.40219.1
Project("{FAE04EC0-301F-11D3-BF4B-00C04F79EFBC}") = "EasyBitLocker", "EasyBitLocker\EasyBitLocker.csproj", "{6B6DD3FD-6361-4FD6-B5A2-08BFB4ADE982}"
EndProject
Project("{FAE04EC0-301F-11D3-BF4B-00C04F79EFBC}") = "EasyBitLockerCLI", "EasyBitLockerCLI\EasyBitLockerCLI.csproj", "{C69A1C16-0E7B-4230-9FEF-99163FAC9A65}"
EndProject
Project("{FAE04EC0-301F-11D3-BF4B-00C04F79EFBC}") = "EasyBitLockerMain", "EasyBitLockerMain\EasyBitLockerMain.csproj", "{179BA148-5119-4F20-AC29-200C5F0E65EA}"
EndProject
Global
	GlobalSection(SolutionConfigurationPlatforms) = preSolution
		Debug|Any CPU = Debug|Any CPU
		Release|Any CPU = Release|Any CPU
	EndGlobalSection
	GlobalSection(ProjectConfigurationPlatforms) = postSolution
		{6B6DD3FD-6361-4FD6-B5A2-08BFB4ADE982}.Debug|Any CPU.ActiveCfg = Debug|Any CPU
		{6B6DD3FD-6361-4FD6-B5A2-08BFB4ADE982}.Debug|Any CPU.Build.0 = Debug|Any CPU
		{6B6DD3FD-6361-4FD6-B5A2-08BFB4ADE982}.Release|Any CPU.ActiveCfg = Release|Any CPU
		{6B6DD3FD-6361-4FD6-B5A2-08BFB4ADE982}.Release|Any CPU.Build.0 = Release|Any CPU
		{C69A1C16-0E7B-4230-9FEF-99163FAC9A65}.Debug|Any CPU.ActiveCfg = Debug|Any CPU
		{C69A1C16-0E7B-4230-9FEF-99163FAC9A65}.Debug|Any CPU.Build.0 = Debug|Any CPU
		{C69A1C16-0E7B-4230-9FEF-99163FAC9A65}.Release|Any CPU.ActiveCfg = Release|Any CPU
		{C69A1C16-0E7B-4230-9FEF-99163FAC9A65}.Release|Any CPU.Build.0 = Release|Any CPU
		{179BA148-5119-4F20-AC29-200C5F0E65EA}.Debug|Any CPU.ActiveCfg = Debug|Any CPU
		{179BA148-5119-4F20-AC29-200C5F0E65EA}.Debug|Any CPU.Build.0 = Debug|Any CPU
		{179BA148-5119-4F20-AC29-200C5F0E65EA}.Release|Any CPU.ActiveCfg = Release|Any CPU
		{179BA148-5119-4F20-AC29-200C5F0E65EA}.Release|Any CPU.Build.0 = Release|Any CPU
	EndGlobalSection
	GlobalSection(SolutionProperties) = preSolution
		HideSolutionNode = FALSE
	EndGlobalSection
EndGlobal
